
Microsoft Visual Studio Solution File, Format Version 12.00
# Visual Studio Version 17
VisualStudioVersion = 17.14.36603.0 d17.14
MinimumVisualStudioVersion = 10.0.40219.1
Project("{FAE04EC0-301F-11D3-BF4B-00C04F79EFBC}") = "Bai03", "Bai03.csproj", "{F66F7A9E-EDD7-4417-82F4-3F9689838759}"
EndProject
Global
	GlobalSection(SolutionConfigurationPlatforms) = preSolution
		Debug|Any CPU = Debug|Any CPU
		Release|Any CPU = Release|Any CPU
	EndGlobalSection
	GlobalSection(ProjectConfigurationPlatforms) = postSolution
		{F66F7A9E-EDD7-4417-82F4-3F9689838759}.Debug|Any CPU.ActiveCfg = Debug|Any CPU
		{F66F7A9E-EDD7-4417-82F4-3F9689838759}.Debug|Any CPU.Build.0 = Debug|Any CPU
		{F66F7A9E-EDD7-4417-82F4-3F9689838759}.Release|Any CPU.ActiveCfg = Release|Any CPU
		{F66F7A9E-EDD7-4417-82F4-3F9689838759}.Release|Any CPU.Build.0 = Release|Any CPU
	EndGlobalSection
	GlobalSection(SolutionProperties) = preSolution
		HideSolutionNode = FALSE
	EndGlobalSection
	GlobalSection(ExtensibilityGlobals) = postSolution
		SolutionGuid = {EAAF0539-2D8E-4195-8B38-77E4CE34594A}
	EndGlobalSection
EndGlobal
