
Microsoft Visual Studio Solution File, Format Version 12.00
# Visual Studio Version 17
VisualStudioVersion = 17.14.36603.0 d17.14
MinimumVisualStudioVersion = 10.0.40219.1
Project("{FAE04EC0-301F-11D3-BF4B-00C04F79EFBC}") = "Bai06", "Bai06.csproj", "{B0978DD7-752E-44B0-B980-D1287F86FECA}"
EndProject
Global
	GlobalSection(SolutionConfigurationPlatforms) = preSolution
		Debug|Any CPU = Debug|Any CPU
		Release|Any CPU = Release|Any CPU
	EndGlobalSection
	GlobalSection(ProjectConfigurationPlatforms) = postSolution
		{B0978DD7-752E-44B0-B980-D1287F86FECA}.Debug|Any CPU.ActiveCfg = Debug|Any CPU
		{B0978DD7-752E-44B0-B980-D1287F86FECA}.Debug|Any CPU.Build.0 = Debug|Any CPU
		{B0978DD7-752E-44B0-B980-D1287F86FECA}.Release|Any CPU.ActiveCfg = Release|Any CPU
		{B0978DD7-752E-44B0-B980-D1287F86FECA}.Release|Any CPU.Build.0 = Release|Any CPU
	EndGlobalSection
	GlobalSection(SolutionProperties) = preSolution
		HideSolutionNode = FALSE
	EndGlobalSection
	GlobalSection(ExtensibilityGlobals) = postSolution
		SolutionGuid = {F980A8B7-3D95-4C98-8AFD-2B73C551D46D}
	EndGlobalSection
EndGlobal
