
Microsoft Visual Studio Solution File, Format Version 12.00
# Visual Studio Version 17
VisualStudioVersion = 17.14.36603.0 d17.14
MinimumVisualStudioVersion = 10.0.40219.1
Project("{FAE04EC0-301F-11D3-BF4B-00C04F79EFBC}") = "Bai02", "Bai02.csproj", "{666671CB-FBC9-4387-B71C-69860CC763C6}"
EndProject
Global
	GlobalSection(SolutionConfigurationPlatforms) = preSolution
		Debug|Any CPU = Debug|Any CPU
		Release|Any CPU = Release|Any CPU
	EndGlobalSection
	GlobalSection(ProjectConfigurationPlatforms) = postSolution
		{666671CB-FBC9-4387-B71C-69860CC763C6}.Debug|Any CPU.ActiveCfg = Debug|Any CPU
		{666671CB-FBC9-4387-B71C-69860CC763C6}.Debug|Any CPU.Build.0 = Debug|Any CPU
		{666671CB-FBC9-4387-B71C-69860CC763C6}.Release|Any CPU.ActiveCfg = Release|Any CPU
		{666671CB-FBC9-4387-B71C-69860CC763C6}.Release|Any CPU.Build.0 = Release|Any CPU
	EndGlobalSection
	GlobalSection(SolutionProperties) = preSolution
		HideSolutionNode = FALSE
	EndGlobalSection
	GlobalSection(ExtensibilityGlobals) = postSolution
		SolutionGuid = {4D8EB65F-5075-4F1A-BC63-FFE57A88BFD2}
	EndGlobalSection
EndGlobal
